
Microsoft Visual Studio Solution File, Format Version 10.00
# Visual Studio 2008
Project("{8BC9CEB8-8B4A-11D0-8D11-00A0C91BC942}") = "Innlevering2_PG330", "Innlevering2_PG330\Innlevering2_PG330.vcproj", "{35F19A02-F887-4139-862B-B5D94B31DE37}"
EndProject
Global
	GlobalSection(SolutionConfigurationPlatforms) = preSolution
		Debug|Win32 = Debug|Win32
		Release|Win32 = Release|Win32
	EndGlobalSection
	GlobalSection(ProjectConfigurationPlatforms) = postSolution
		{35F19A02-F887-4139-862B-B5D94B31DE37}.Debug|Win32.ActiveCfg = Debug|Win32
		{35F19A02-F887-4139-862B-B5D94B31DE37}.Debug|Win32.Build.0 = Debug|Win32
		{35F19A02-F887-4139-862B-B5D94B31DE37}.Release|Win32.ActiveCfg = Release|Win32
		{35F19A02-F887-4139-862B-B5D94B31DE37}.Release|Win32.Build.0 = Release|Win32
	EndGlobalSection
	GlobalSection(SolutionProperties) = preSolution
		HideSolutionNode = FALSE
	EndGlobalSection
EndGlobal
